// !$*UTF8*$!
{
	archiveVersion = 1;
	classes = {
	};
	objectVersion = 46;
	objects = {

/* Begin PBXBuildFile section */
		7A92FC891ACCE3760070C2E4 /* main.m in Sources */ = {isa = PBXBuildFile; fileRef = 7A92FC881ACCE3760070C2E4 /* main.m */; };
		7A92FC8C1ACCE3760070C2E4 /* AppDelegate.m in Sources */ = {isa = PBXBuildFile; fileRef = 7A92FC8B1ACCE3760070C2E4 /* AppDelegate.m */; };
		7A92FC8F1ACCE3760070C2E4 /* ViewController.m in Sources */ = {isa = PBXBuildFile; fileRef = 7A92FC8E1ACCE3760070C2E4 /* ViewController.m */; };
		7A92FC921ACCE3760070C2E4 /* Main.storyboard in Resources */ = {isa = PBXBuildFile; fileRef = 7A92FC901ACCE3760070C2E4 /* Main.storyboard */; };
		7A92FC941ACCE3760070C2E4 /* Images.xcassets in Resources */ = {isa = PBXBuildFile; fileRef = 7A92FC931ACCE3760070C2E4 /* Images.xcassets */; };
		7A92FC971ACCE3760070C2E4 /* LaunchScreen.xib in Resources */ = {isa = PBXBuildFile; fileRef = 7A92FC951ACCE3760070C2E4 /* LaunchScreen.xib */; };
		7A92FCA31ACCE3770070C2E4 /* AddressBookDemoTests.m in Sources */ = {isa = PBXBuildFile; fileRef = 7A92FCA21ACCE3770070C2E4 /* AddressBookDemoTests.m */; };
		7A92FCD51ACCE7F10070C2E4 /* BookAddressViewController.m in Sources */ = {isa = PBXBuildFile; fileRef = 7A92FCCF1ACCE7F10070C2E4 /* BookAddressViewController.m */; };
		7A92FCD61ACCE7F10070C2E4 /* pinyin.c in Sources */ = {isa = PBXBuildFile; fileRef = 7A92FCD11ACCE7F10070C2E4 /* pinyin.c */; };
		7A92FCD71ACCE7F10070C2E4 /* ChineseString.m in Sources */ = {isa = PBXBuildFile; fileRef = 7A92FCD41ACCE7F10070C2E4 /* ChineseString.m */; };
/* End PBXBuildFile section */

/* Begin PBXContainerItemProxy section */
		7A92FC9D1ACCE3770070C2E4 /* PBXContainerItemProxy */ = {
			isa = PBXContainerItemProxy;
			containerPortal = 7A92FC7B1ACCE3760070C2E4 /* Project object */;
			proxyType = 1;
			remoteGlobalIDString = 7A92FC821ACCE3760070C2E4;
			remoteInfo = AddressBookDemo;
		};
/* End PBXContainerItemProxy section */

/* Begin PBXFileReference section */
		7A92FC831ACCE3760070C2E4 /* AddressBookDemo.app */ = {isa = PBXFileReference; explicitFileType = wrapper.application; includeInIndex = 0; path = AddressBookDemo.app; sourceTree = BUILT_PRODUCTS_DIR; };
		7A92FC871ACCE3760070C2E4 /* Info.plist */ = {isa = PBXFileReference; lastKnownFileType = text.plist.xml; path = Info.plist; sourceTree = "<group>"; };
		7A92FC881ACCE3760070C2E4 /* main.m */ = {isa = PBXFileReference; lastKnownFileType = sourcecode.c.objc; path = main.m; sourceTree = "<group>"; };
		7A92FC8A1ACCE3760070C2E4 /* AppDelegate.h */ = {isa = PBXFileReference; lastKnownFileType = sourcecode.c.h; path = AppDelegate.h; sourceTree = "<group>"; };
		7A92FC8B1ACCE3760070C2E4 /* AppDelegate.m */ = {isa = PBXFileReference; lastKnownFileType = sourcecode.c.objc; path = AppDelegate.m; sourceTree = "<group>"; };
		7A92FC8D1ACCE3760070C2E4 /* ViewController.h */ = {isa = PBXFileReference; lastKnownFileType = sourcecode.c.h; path = ViewController.h; sourceTree = "<group>"; };
		7A92FC8E1ACCE3760070C2E4 /* ViewController.m */ = {isa = PBXFileReference; lastKnownFileType = sourcecode.c.objc; path = ViewController.m; sourceTree = "<group>"; };
		7A92FC911ACCE3760070C2E4 /* Base */ = {isa = PBXFileReference; lastKnownFileType = file.storyboard; name = Base; path = Base.lproj/Main.storyboard; sourceTree = "<group>"; };
		7A92FC931ACCE3760070C2E4 /* Images.xcassets */ = {isa = PBXFileReference; lastKnownFileType = folder.assetcatalog; path = Images.xcassets; sourceTree = "<group>"; };
		7A92FC961ACCE3760070C2E4 /* Base */ = {isa = PBXFileReference; lastKnownFileType = file.xib; name = Base; path = Base.lproj/LaunchScreen.xib; sourceTree = "<group>"; };
		7A92FC9C1ACCE3770070C2E4 /* AddressBookDemoTests.xctest */ = {isa = PBXFileReference; explicitFileType = wrapper.cfbundle; includeInIndex = 0; path = AddressBookDemoTests.xctest; sourceTree = BUILT_PRODUCTS_DIR; };
		7A92FCA11ACCE3770070C2E4 /* Info.plist */ = {isa = PBXFileReference; lastKnownFileType = text.plist.xml; path = Info.plist; sourceTree = "<group>"; };
		7A92FCA21ACCE3770070C2E4 /* AddressBookDemoTests.m */ = {isa = PBXFileReference; lastKnownFileType = sourcecode.c.objc; path = AddressBookDemoTests.m; sourceTree = "<group>"; };
		7A92FCCE1ACCE7F10070C2E4 /* BookAddressViewController.h */ = {isa = PBXFileReference; fileEncoding = 4; lastKnownFileType = sourcecode.c.h; path = BookAddressViewController.h; sourceTree = "<group>"; };
		7A92FCCF1ACCE7F10070C2E4 /* BookAddressViewController.m */ = {isa = PBXFileReference; fileEncoding = 4; lastKnownFileType = sourcecode.c.objc; path = BookAddressViewController.m; sourceTree = "<group>"; };
		7A92FCD11ACCE7F10070C2E4 /* pinyin.c */ = {isa = PBXFileReference; fileEncoding = 4; lastKnownFileType = sourcecode.c.c; path = pinyin.c; sourceTree = "<group>"; };
		7A92FCD21ACCE7F10070C2E4 /* pinyin.h */ = {isa = PBXFileReference; fileEncoding = 4; lastKnownFileType = sourcecode.c.h; path = pinyin.h; sourceTree = "<group>"; };
		7A92FCD31ACCE7F10070C2E4 /* ChineseString.h */ = {isa = PBXFileReference; fileEncoding = 4; lastKnownFileType = sourcecode.c.h; path = ChineseString.h; sourceTree = "<group>"; };
		7A92FCD41ACCE7F10070C2E4 /* ChineseString.m */ = {isa = PBXFileReference; fileEncoding = 4; lastKnownFileType = sourcecode.c.objc; path = ChineseString.m; sourceTree = "<group>"; };
/* End PBXFileReference section */

/* Begin PBXFrameworksBuildPhase section */
		7A92FC801ACCE3760070C2E4 /* Frameworks */ = {
			isa = PBXFrameworksBuildPhase;
			buildActionMask = 2147483647;
			files = (
			);
			runOnlyForDeploymentPostprocessing = 0;
		};
		7A92FC991ACCE3770070C2E4 /* Frameworks */ = {
			isa = PBXFrameworksBuildPhase;
			buildActionMask = 2147483647;
			files = (
			);
			runOnlyForDeploymentPostprocessing = 0;
		};
/* End PBXFrameworksBuildPhase section */

/* Begin PBXGroup section */
		7A92FC7A1ACCE3760070C2E4 = {
			isa = PBXGroup;
			children = (
				7A92FC851ACCE3760070C2E4 /* AddressBookDemo */,
				7A92FC9F1ACCE3770070C2E4 /* AddressBookDemoTests */,
				7A92FC841ACCE3760070C2E4 /* Products */,
			);
			sourceTree = "<group>";
		};
		7A92FC841ACCE3760070C2E4 /* Products */ = {
			isa = PBXGroup;
			children = (
				7A92FC831ACCE3760070C2E4 /* AddressBookDemo.app */,
				7A92FC9C1ACCE3770070C2E4 /* AddressBookDemoTests.xctest */,
			);
			name = Products;
			sourceTree = "<group>";
		};
		7A92FC851ACCE3760070C2E4 /* AddressBookDemo */ = {
			isa = PBXGroup;
			children = (
				7A92FCCD1ACCE7F10070C2E4 /* Class */,
				7A92FC8A1ACCE3760070C2E4 /* AppDelegate.h */,
				7A92FC8B1ACCE3760070C2E4 /* AppDelegate.m */,
				7A92FC8D1ACCE3760070C2E4 /* ViewController.h */,
				7A92FC8E1ACCE3760070C2E4 /* ViewController.m */,
				7A92FC901ACCE3760070C2E4 /* Main.storyboard */,
				7A92FC931ACCE3760070C2E4 /* Images.xcassets */,
				7A92FC951ACCE3760070C2E4 /* LaunchScreen.xib */,
				7A92FC861ACCE3760070C2E4 /* Supporting Files */,
			);
			path = AddressBookDemo;
			sourceTree = "<group>";
		};
		7A92FC861ACCE3760070C2E4 /* Supporting Files */ = {
			isa = PBXGroup;
			children = (
				7A92FC871ACCE3760070C2E4 /* Info.plist */,
				7A92FC881ACCE3760070C2E4 /* main.m */,
			);
			name = "Supporting Files";
			sourceTree = "<group>";
		};
		7A92FC9F1ACCE3770070C2E4 /* AddressBookDemoTests */ = {
			isa = PBXGroup;
			children = (
				7A92FCA21ACCE3770070C2E4 /* AddressBookDemoTests.m */,
				7A92FCA01ACCE3770070C2E4 /* Supporting Files */,
			);
			path = AddressBookDemoTests;
			sourceTree = "<group>";
		};
		7A92FCA01ACCE3770070C2E4 /* Supporting Files */ = {
			isa = PBXGroup;
			children = (
				7A92FCA11ACCE3770070C2E4 /* Info.plist */,
			);
			name = "Supporting Files";
			sourceTree = "<group>";
		};
		7A92FCCD1ACCE7F10070C2E4 /* Class */ = {
			isa = PBXGroup;
			children = (
				7A92FCCE1ACCE7F10070C2E4 /* BookAddressViewController.h */,
				7A92FCCF1ACCE7F10070C2E4 /* BookAddressViewController.m */,
				7A92FCD01ACCE7F10070C2E4 /* ChineseSort */,
				7A92FCD31ACCE7F10070C2E4 /* ChineseString.h */,
				7A92FCD41ACCE7F10070C2E4 /* ChineseString.m */,
			);
			path = Class;
			sourceTree = "<group>";
		};
		7A92FCD01ACCE7F10070C2E4 /* ChineseSort */ = {
			isa = PBXGroup;
			children = (
				7A92FCD11ACCE7F10070C2E4 /* pinyin.c */,
				7A92FCD21ACCE7F10070C2E4 /* pinyin.h */,
			);
			path = ChineseSort;
			sourceTree = "<group>";
		};
/* End PBXGroup section */

/* Begin PBXNativeTarget section */
		7A92FC821ACCE3760070C2E4 /* AddressBookDemo */ = {
			isa = PBXNativeTarget;
			buildConfigurationList = 7A92FCA61ACCE3770070C2E4 /* Build configuration list for PBXNativeTarget "AddressBookDemo" */;
			buildPhases = (
				7A92FC7F1ACCE3760070C2E4 /* Sources */,
				7A92FC801ACCE3760070C2E4 /* Frameworks */,
				7A92FC811ACCE3760070C2E4 /* Resources */,
			);
			buildRules = (
			);
			dependencies = (
			);
			name = AddressBookDemo;
			productName = AddressBookDemo;
			productReference = 7A92FC831ACCE3760070C2E4 /* AddressBookDemo.app */;
			productType = "com.apple.product-type.application";
		};
		7A92FC9B1ACCE3770070C2E4 /* AddressBookDemoTests */ = {
			isa = PBXNativeTarget;
			buildConfigurationList = 7A92FCA91ACCE3770070C2E4 /* Build configuration list for PBXNativeTarget "AddressBookDemoTests" */;
			buildPhases = (
				7A92FC981ACCE3770070C2E4 /* Sources */,
				7A92FC991ACCE3770070C2E4 /* Frameworks */,
				7A92FC9A1ACCE3770070C2E4 /* Resources */,
			);
			buildRules = (
			);
			dependencies = (
				7A92FC9E1ACCE3770070C2E4 /* PBXTargetDependency */,
			);
			name = AddressBookDemoTests;
			productName = AddressBookDemoTests;
			productReference = 7A92FC9C1ACCE3770070C2E4 /* AddressBookDemoTests.xctest */;
			productType = "com.apple.product-type.bundle.unit-test";
		};
/* End PBXNativeTarget section */

/* Begin PBXProject section */
		7A92FC7B1ACCE3760070C2E4 /* Project object */ = {
			isa = PBXProject;
			attributes = {
				LastUpgradeCheck = 0610;
				ORGANIZATIONNAME = wuchao;
				TargetAttributes = {
					7A92FC821ACCE3760070C2E4 = {
						CreatedOnToolsVersion = 6.1.1;
						DevelopmentTeam = 27TC6P5S7T;
						ProvisioningStyle = Automatic;
					};
					7A92FC9B1ACCE3770070C2E4 = {
						CreatedOnToolsVersion = 6.1.1;
						DevelopmentTeam = V5XS96J4PW;
						TestTargetID = 7A92FC821ACCE3760070C2E4;
					};
				};
			};
			buildConfigurationList = 7A92FC7E1ACCE3760070C2E4 /* Build configuration list for PBXProject "AddressBookDemo" */;
			compatibilityVersion = "Xcode 3.2";
			developmentRegion = English;
			hasScannedForEncodings = 0;
			knownRegions = (
				en,
				Base,
			);
			mainGroup = 7A92FC7A1ACCE3760070C2E4;
			productRefGroup = 7A92FC841ACCE3760070C2E4 /* Products */;
			projectDirPath = "";
			projectRoot = "";
			targets = (
				7A92FC821ACCE3760070C2E4 /* AddressBookDemo */,
				7A92FC9B1ACCE3770070C2E4 /* AddressBookDemoTests */,
			);
		};
/* End PBXProject section */

/* Begin PBXResourcesBuildPhase section */
		7A92FC811ACCE3760070C2E4 /* Resources */ = {
			isa = PBXResourcesBuildPhase;
			buildActionMask = 2147483647;
			files = (
				7A92FC921ACCE3760070C2E4 /* Main.storyboard in Resources */,
				7A92FC971ACCE3760070C2E4 /* LaunchScreen.xib in Resources */,
				7A92FC941ACCE3760070C2E4 /* Images.xcassets in Resources */,
			);
			runOnlyForDeploymentPostprocessing = 0;
		};
		7A92FC9A1ACCE3770070C2E4 /* Resources */ = {
			isa = PBXResourcesBuildPhase;
			buildActionMask = 2147483647;
			files = (
			);
			runOnlyForDeploymentPostprocessing = 0;
		};
/* End PBXResourcesBuildPhase section */

/* Begin PBXSourcesBuildPhase section */
		7A92FC7F1ACCE3760070C2E4 /* Sources */ = {
			isa = PBXSourcesBuildPhase;
			buildActionMask = 2147483647;
			files = (
				7A92FCD61ACCE7F10070C2E4 /* pinyin.c in Sources */,
				7A92FC8F1ACCE3760070C2E4 /* ViewController.m in Sources */,
				7A92FCD71ACCE7F10070C2E4 /* ChineseString.m in Sources */,
				7A92FC8C1ACCE3760070C2E4 /* AppDelegate.m in Sources */,
				7A92FCD51ACCE7F10070C2E4 /* BookAddressViewController.m in Sources */,
				7A92FC891ACCE3760070C2E4 /* main.m in Sources */,
			);
			runOnlyForDeploymentPostprocessing = 0;
		};
		7A92FC981ACCE3770070C2E4 /* Sources */ = {
			isa = PBXSourcesBuildPhase;
			buildActionMask = 2147483647;
			files = (
				7A92FCA31ACCE3770070C2E4 /* AddressBookDemoTests.m in Sources */,
			);
			runOnlyForDeploymentPostprocessing = 0;
		};
/* End PBXSourcesBuildPhase section */

/* Begin PBXTargetDependency section */
		7A92FC9E1ACCE3770070C2E4 /* PBXTargetDependency */ = {
			isa = PBXTargetDependency;
			target = 7A92FC821ACCE3760070C2E4 /* AddressBookDemo */;
			targetProxy = 7A92FC9D1ACCE3770070C2E4 /* PBXContainerItemProxy */;
		};
/* End PBXTargetDependency section */

/* Begin PBXVariantGroup section */
		7A92FC901ACCE3760070C2E4 /* Main.storyboard */ = {
			isa = PBXVariantGroup;
			children = (
				7A92FC911ACCE3760070C2E4 /* Base */,
			);
			name = Main.storyboard;
			sourceTree = "<group>";
		};
		7A92FC951ACCE3760070C2E4 /* LaunchScreen.xib */ = {
			isa = PBXVariantGroup;
			children = (
				7A92FC961ACCE3760070C2E4 /* Base */,
			);
			name = LaunchScreen.xib;
			sourceTree = "<group>";
		};
/* End PBXVariantGroup section */

/* Begin XCBuildConfiguration section */
		7A92FCA41ACCE3770070C2E4 /* Debug */ = {
			isa = XCBuildConfiguration;
			buildSettings = {
				ALWAYS_SEARCH_USER_PATHS = NO;
				CLANG_CXX_LANGUAGE_STANDARD = "gnu++0x";
				CLANG_CXX_LIBRARY = "libc++";
				CLANG_ENABLE_MODULES = YES;
				CLANG_ENABLE_OBJC_ARC = YES;
				CLANG_WARN_BOOL_CONVERSION = YES;
				CLANG_WARN_CONSTANT_CONVERSION = YES;
				CLANG_WARN_DIRECT_OBJC_ISA_USAGE = YES_ERROR;
				CLANG_WARN_EMPTY_BODY = YES;
				CLANG_WARN_ENUM_CONVERSION = YES;
				CLANG_WARN_INT_CONVERSION = YES;
				CLANG_WARN_OBJC_ROOT_CLASS = YES_ERROR;
				CLANG_WARN_UNREACHABLE_CODE = YES;
				CLANG_WARN__DUPLICATE_METHOD_MATCH = YES;
				CODE_SIGN_IDENTITY = "iPhone Developer: Tang Jing (WQN4TA3RKF)";
				"CODE_SIGN_IDENTITY[sdk=iphoneos*]" = "iPhone Developer: Tang Jing (WQN4TA3RKF)";
				COPY_PHASE_STRIP = NO;
				ENABLE_STRICT_OBJC_MSGSEND = YES;
				GCC_C_LANGUAGE_STANDARD = gnu99;
				GCC_DYNAMIC_NO_PIC = NO;
				GCC_OPTIMIZATION_LEVEL = 0;
				GCC_PREPROCESSOR_DEFINITIONS = (
					"DEBUG=1",
					"$(inherited)",
				);
				GCC_SYMBOLS_PRIVATE_EXTERN = NO;
				GCC_WARN_64_TO_32_BIT_CONVERSION = YES;
				GCC_WARN_ABOUT_RETURN_TYPE = YES_ERROR;
				GCC_WARN_UNDECLARED_SELECTOR = YES;
				GCC_WARN_UNINITIALIZED_AUTOS = YES_AGGRESSIVE;
				GCC_WARN_UNUSED_FUNCTION = YES;
				GCC_WARN_UNUSED_VARIABLE = YES;
				IPHONEOS_DEPLOYMENT_TARGET = 8.1;
				MTL_ENABLE_DEBUG_INFO = YES;
				ONLY_ACTIVE_ARCH = YES;
				PROVISIONING_PROFILE = "d0dd7828-4ebf-4ef2-bbb7-541ac67114be";
				SDKROOT = iphoneos;
				TARGETED_DEVICE_FAMILY = "1,2";
			};
			name = Debug;
		};
		7A92FCA51ACCE3770070C2E4 /* Release */ = {
			isa = XCBuildConfiguration;
			buildSettings = {
				ALWAYS_SEARCH_USER_PATHS = NO;
				CLANG_CXX_LANGUAGE_STANDARD = "gnu++0x";
				CLANG_CXX_LIBRARY = "libc++";
				CLANG_ENABLE_MODULES = YES;
				CLANG_ENABLE_OBJC_ARC = YES;
				CLANG_WARN_BOOL_CONVERSION = YES;
				CLANG_WARN_CONSTANT_CONVERSION = YES;
				CLANG_WARN_DIRECT_OBJC_ISA_USAGE = YES_ERROR;
				CLANG_WARN_EMPTY_BODY = YES;
				CLANG_WARN_ENUM_CONVERSION = YES;
				CLANG_WARN_INT_CONVERSION = YES;
				CLANG_WARN_OBJC_ROOT_CLASS = YES_ERROR;
				CLANG_WARN_UNREACHABLE_CODE = YES;
				CLANG_WARN__DUPLICATE_METHOD_MATCH = YES;
				CODE_SIGN_IDENTITY = "iPhone Developer: Tang Jing (WQN4TA3RKF)";
				"CODE_SIGN_IDENTITY[sdk=iphoneos*]" = "iPhone Developer: Tang Jing (WQN4TA3RKF)";
				COPY_PHASE_STRIP = YES;
				ENABLE_NS_ASSERTIONS = NO;
				ENABLE_STRICT_OBJC_MSGSEND = YES;
				GCC_C_LANGUAGE_STANDARD = gnu99;
				GCC_WARN_64_TO_32_BIT_CONVERSION = YES;
				GCC_WARN_ABOUT_RETURN_TYPE = YES_ERROR;
				GCC_WARN_UNDECLARED_SELECTOR = YES;
				GCC_WARN_UNINITIALIZED_AUTOS = YES_AGGRESSIVE;
				GCC_WARN_UNUSED_FUNCTION = YES;
				GCC_WARN_UNUSED_VARIABLE = YES;
				IPHONEOS_DEPLOYMENT_TARGET = 8.1;
				MTL_ENABLE_DEBUG_INFO = NO;
				PROVISIONING_PROFILE = "d0dd7828-4ebf-4ef2-bbb7-541ac67114be";
				SDKROOT = iphoneos;
				TARGETED_DEVICE_FAMILY = "1,2";
				VALIDATE_PRODUCT = YES;
			};
			name = Release;
		};
		7A92FCA71ACCE3770070C2E4 /* Debug */ = {
			isa = XCBuildConfiguration;
			buildSettings = {
				ASSETCATALOG_COMPILER_APPICON_NAME = AppIcon;
				CODE_SIGN_IDENTITY = "iPhone Developer: bo deng (7BSX6Q7UYW)";
				"CODE_SIGN_IDENTITY[sdk=iphoneos*]" = "iPhone Developer";
				DEVELOPMENT_TEAM = 27TC6P5S7T;
				INFOPLIST_FILE = AddressBookDemo/Info.plist;
				IPHONEOS_DEPLOYMENT_TARGET = 9.0;
				LD_RUNPATH_SEARCH_PATHS = "$(inherited) @executable_path/Frameworks";
				PRODUCT_BUNDLE_IDENTIFIER = com.hws.colourlife;
				PRODUCT_NAME = "$(TARGET_NAME)";
				PROVISIONING_PROFILE = "";
				PROVISIONING_PROFILE_SPECIFIER = "";
			};
			name = Debug;
		};
		7A92FCA81ACCE3770070C2E4 /* Release */ = {
			isa = XCBuildConfiguration;
			buildSettings = {
				ASSETCATALOG_COMPILER_APPICON_NAME = AppIcon;
				CODE_SIGN_IDENTITY = "iPhone Developer: bo deng (7BSX6Q7UYW)";
				"CODE_SIGN_IDENTITY[sdk=iphoneos*]" = "iPhone Developer";
				DEVELOPMENT_TEAM = 27TC6P5S7T;
				INFOPLIST_FILE = AddressBookDemo/Info.plist;
				IPHONEOS_DEPLOYMENT_TARGET = 9.0;
				LD_RUNPATH_SEARCH_PATHS = "$(inherited) @executable_path/Frameworks";
				PRODUCT_BUNDLE_IDENTIFIER = com.hws.colourlife;
				PRODUCT_NAME = "$(TARGET_NAME)";
				PROVISIONING_PROFILE = "";
				PROVISIONING_PROFILE_SPECIFIER = "";
			};
			name = Release;
		};
		7A92FCAA1ACCE3770070C2E4 /* Debug */ = {
			isa = XCBuildConfiguration;
			buildSettings = {
				BUNDLE_LOADER = "$(TEST_HOST)";
				CODE_SIGN_IDENTITY = "iPhone Developer";
				"CODE_SIGN_IDENTITY[sdk=iphoneos*]" = "iPhone Developer";
				FRAMEWORK_SEARCH_PATHS = (
					"$(SDKROOT)/Developer/Library/Frameworks",
					"$(inherited)",
				);
				GCC_PREPROCESSOR_DEFINITIONS = (
					"DEBUG=1",
					"$(inherited)",
				);
				INFOPLIST_FILE = AddressBookDemoTests/Info.plist;
				LD_RUNPATH_SEARCH_PATHS = "$(inherited) @executable_path/Frameworks @loader_path/Frameworks";
				PRODUCT_NAME = "$(TARGET_NAME)";
				PROVISIONING_PROFILE = "";
				TEST_HOST = "$(BUILT_PRODUCTS_DIR)/AddressBookDemo.app/AddressBookDemo";
			};
			name = Debug;
		};
		7A92FCAB1ACCE3770070C2E4 /* Release */ = {
			isa = XCBuildConfiguration;
			buildSettings = {
				BUNDLE_LOADER = "$(TEST_HOST)";
				CODE_SIGN_IDENTITY = "iPhone Developer";
				"CODE_SIGN_IDENTITY[sdk=iphoneos*]" = "iPhone Developer";
				FRAMEWORK_SEARCH_PATHS = (
					"$(SDKROOT)/Developer/Library/Frameworks",
					"$(inherited)",
				);
				INFOPLIST_FILE = AddressBookDemoTests/Info.plist;
				LD_RUNPATH_SEARCH_PATHS = "$(inherited) @executable_path/Frameworks @loader_path/Frameworks";
				PRODUCT_NAME = "$(TARGET_NAME)";
				PROVISIONING_PROFILE = "";
				TEST_HOST = "$(BUILT_PRODUCTS_DIR)/AddressBookDemo.app/AddressBookDemo";
			};
			name = Release;
		};
/* End XCBuildConfiguration section */

/* Begin XCConfigurationList section */
		7A92FC7E1ACCE3760070C2E4 /* Build configuration list for PBXProject "AddressBookDemo" */ = {
			isa = XCConfigurationList;
			buildConfigurations = (
				7A92FCA41ACCE3770070C2E4 /* Debug */,
				7A92FCA51ACCE3770070C2E4 /* Release */,
			);
			defaultConfigurationIsVisible = 0;
			defaultConfigurationName = Release;
		};
		7A92FCA61ACCE3770070C2E4 /* Build configuration list for PBXNativeTarget "AddressBookDemo" */ = {
			isa = XCConfigurationList;
			buildConfigurations = (
				7A92FCA71ACCE3770070C2E4 /* Debug */,
				7A92FCA81ACCE3770070C2E4 /* Release */,
			);
			defaultConfigurationIsVisible = 0;
			defaultConfigurationName = Release;
		};
		7A92FCA91ACCE3770070C2E4 /* Build configuration list for PBXNativeTarget "AddressBookDemoTests" */ = {
			isa = XCConfigurationList;
			buildConfigurations = (
				7A92FCAA1ACCE3770070C2E4 /* Debug */,
				7A92FCAB1ACCE3770070C2E4 /* Release */,
			);
			defaultConfigurationIsVisible = 0;
			defaultConfigurationName = Release;
		};
/* End XCConfigurationList section */
	};
	rootObject = 7A92FC7B1ACCE3760070C2E4 /* Project object */;
}
